
Microsoft Visual Studio Solution File, Format Version 12.00
# Visual Studio Version 17
VisualStudioVersion = 17.7.34221.43
MinimumVisualStudioVersion = 10.0.40219.1
Project("{FAE04EC0-301F-11D3-BF4B-00C04F79EFBC}") = "ConAppTables", "ConAppTables\ConAppTables.csproj", "{409D572F-74EB-4523-AA5B-D37D8AB1E79D}"
EndProject
Global
	GlobalSection(SolutionConfigurationPlatforms) = preSolution
		Debug|Any CPU = Debug|Any CPU
		Release|Any CPU = Release|Any CPU
	EndGlobalSection
	GlobalSection(ProjectConfigurationPlatforms) = postSolution
		{409D572F-74EB-4523-AA5B-D37D8AB1E79D}.Debug|Any CPU.ActiveCfg = Debug|Any CPU
		{409D572F-74EB-4523-AA5B-D37D8AB1E79D}.Debug|Any CPU.Build.0 = Debug|Any CPU
		{409D572F-74EB-4523-AA5B-D37D8AB1E79D}.Release|Any CPU.ActiveCfg = Release|Any CPU
		{409D572F-74EB-4523-AA5B-D37D8AB1E79D}.Release|Any CPU.Build.0 = Release|Any CPU
	EndGlobalSection
	GlobalSection(SolutionProperties) = preSolution
		HideSolutionNode = FALSE
	EndGlobalSection
	GlobalSection(ExtensibilityGlobals) = postSolution
		SolutionGuid = {53FB2529-F6D8-4D69-ADAF-E49CF2A45F15}
	EndGlobalSection
EndGlobal
